
Microsoft Visual Studio Solution File, Format Version 12.00
# Visual Studio 15
VisualStudioVersion = 15.0.27130.2036
MinimumVisualStudioVersion = 10.0.40219.1
Project("{A07B5EB6-E848-4116-A8D0-A826331D98C6}") = "WebAPIService.Fabric", "WebAPIService.Fabric\WebAPIService.Fabric.sfproj", "{BEE428AC-FFDD-4AF6-8A01-B72D8EED875B}"
EndProject
Project("{9A19103F-16F7-4668-BE54-9A1E7A4F7556}") = "WebAPIService", "WebAPIService\WebAPIService.csproj", "{C71A0D61-B7F1-4A88-BF77-A57F9535371A}"
EndProject
Global
	GlobalSection(SolutionConfigurationPlatforms) = preSolution
		Debug|Any CPU = Debug|Any CPU
		Debug|x64 = Debug|x64
		Release|Any CPU = Release|Any CPU
		Release|x64 = Release|x64
	EndGlobalSection
	GlobalSection(ProjectConfigurationPlatforms) = postSolution
		{BEE428AC-FFDD-4AF6-8A01-B72D8EED875B}.Debug|Any CPU.ActiveCfg = Debug|x64
		{BEE428AC-FFDD-4AF6-8A01-B72D8EED875B}.Debug|x64.ActiveCfg = Debug|x64
		{BEE428AC-FFDD-4AF6-8A01-B72D8EED875B}.Debug|x64.Build.0 = Debug|x64
		{BEE428AC-FFDD-4AF6-8A01-B72D8EED875B}.Debug|x64.Deploy.0 = Debug|x64
		{BEE428AC-FFDD-4AF6-8A01-B72D8EED875B}.Release|Any CPU.ActiveCfg = Release|x64
		{BEE428AC-FFDD-4AF6-8A01-B72D8EED875B}.Release|x64.ActiveCfg = Release|x64
		{BEE428AC-FFDD-4AF6-8A01-B72D8EED875B}.Release|x64.Build.0 = Release|x64
		{BEE428AC-FFDD-4AF6-8A01-B72D8EED875B}.Release|x64.Deploy.0 = Release|x64
		{C71A0D61-B7F1-4A88-BF77-A57F9535371A}.Debug|Any CPU.ActiveCfg = Debug|Any CPU
		{C71A0D61-B7F1-4A88-BF77-A57F9535371A}.Debug|Any CPU.Build.0 = Debug|Any CPU
		{C71A0D61-B7F1-4A88-BF77-A57F9535371A}.Debug|x64.ActiveCfg = Debug|Any CPU
		{C71A0D61-B7F1-4A88-BF77-A57F9535371A}.Debug|x64.Build.0 = Debug|Any CPU
		{C71A0D61-B7F1-4A88-BF77-A57F9535371A}.Release|Any CPU.ActiveCfg = Release|Any CPU
		{C71A0D61-B7F1-4A88-BF77-A57F9535371A}.Release|Any CPU.Build.0 = Release|Any CPU
		{C71A0D61-B7F1-4A88-BF77-A57F9535371A}.Release|x64.ActiveCfg = Release|Any CPU
		{C71A0D61-B7F1-4A88-BF77-A57F9535371A}.Release|x64.Build.0 = Release|Any CPU
	EndGlobalSection
	GlobalSection(SolutionProperties) = preSolution
		HideSolutionNode = FALSE
	EndGlobalSection
	GlobalSection(ExtensibilityGlobals) = postSolution
		SolutionGuid = {77372ED2-9DFF-43C3-BD61-A0FF7D71736A}
	EndGlobalSection
EndGlobal
