
Microsoft Visual Studio Solution File, Format Version 12.00
# Visual Studio 15
VisualStudioVersion = 15.0.27130.2036
MinimumVisualStudioVersion = 10.0.40219.1
Project("{2150E333-8FDC-42A3-9474-1A3956D46DE8}") = "Solution Items", "Solution Items", "{5815314C-19FA-4746-8FE6-006713BC3072}"
	ProjectSection(SolutionItems) = preProject
		..\.gitignore = ..\.gitignore
		AzureDevOps.testsettings = AzureDevOps.testsettings
		codecoverage.runsettings = codecoverage.runsettings
		Local.testsettings = Local.testsettings
		nuget.config = nuget.config
		..\readme.md = ..\readme.md
	EndProjectSection
EndProject
Project("{2150E333-8FDC-42A3-9474-1A3956D46DE8}") = "tests", "tests", "{9E6E7CFD-C545-4A74-964B-30CD284A0BBB}"
EndProject
Project("{9A19103F-16F7-4668-BE54-9A1E7A4F7556}") = "WebAPIService", "WebAPIService\WebAPIService.csproj", "{975D5486-0D52-41CD-B493-6A591968A704}"
EndProject
Project("{A07B5EB6-E848-4116-A8D0-A826331D98C6}") = "WebAPIService.Fabric", "WebAPIService.Fabric\WebAPIService.Fabric.sfproj", "{BEE428AC-FFDD-4AF6-8A01-B72D8EED875B}"
EndProject
Project("{FAE04EC0-301F-11D3-BF4B-00C04F79EFBC}") = "WebAPIService.Performance.Tests", "Tests\WebAPIService.Performance.Tests\WebAPIService.Performance.Tests.csproj", "{2821309E-A824-463B-8481-A4E45FCA3BD2}"
EndProject
Project("{9A19103F-16F7-4668-BE54-9A1E7A4F7556}") = "WebAPIService.Tests", "Tests\WebAPIService.Tests\WebAPIService.Tests.csproj", "{417BF749-BF56-4B44-A04C-C22E476E20E5}"
EndProject
Project("{9A19103F-16F7-4668-BE54-9A1E7A4F7556}") = "WebAPIService.Common", "WebAPIService.Common\WebAPIService.Common.csproj", "{AD579B7F-5098-4AD5-A1A9-0B1D08D4EFFB}"
EndProject
Global
	GlobalSection(SolutionConfigurationPlatforms) = preSolution
		Debug|Any CPU = Debug|Any CPU
		Debug|x64 = Debug|x64
		Release|Any CPU = Release|Any CPU
		Release|x64 = Release|x64
	EndGlobalSection
	GlobalSection(ProjectConfigurationPlatforms) = postSolution
		{975D5486-0D52-41CD-B493-6A591968A704}.Debug|Any CPU.ActiveCfg = Debug|x64
		{975D5486-0D52-41CD-B493-6A591968A704}.Debug|x64.ActiveCfg = Debug|x64
		{975D5486-0D52-41CD-B493-6A591968A704}.Debug|x64.Build.0 = Debug|x64
		{975D5486-0D52-41CD-B493-6A591968A704}.Release|Any CPU.ActiveCfg = Release|x64
		{975D5486-0D52-41CD-B493-6A591968A704}.Release|x64.ActiveCfg = Release|x64
		{975D5486-0D52-41CD-B493-6A591968A704}.Release|x64.Build.0 = Release|x64
		{BEE428AC-FFDD-4AF6-8A01-B72D8EED875B}.Debug|Any CPU.ActiveCfg = Debug|x64
		{BEE428AC-FFDD-4AF6-8A01-B72D8EED875B}.Debug|Any CPU.Build.0 = Debug|x64
		{BEE428AC-FFDD-4AF6-8A01-B72D8EED875B}.Debug|Any CPU.Deploy.0 = Debug|x64
		{BEE428AC-FFDD-4AF6-8A01-B72D8EED875B}.Debug|x64.ActiveCfg = Debug|x64
		{BEE428AC-FFDD-4AF6-8A01-B72D8EED875B}.Debug|x64.Build.0 = Debug|x64
		{BEE428AC-FFDD-4AF6-8A01-B72D8EED875B}.Debug|x64.Deploy.0 = Debug|x64
		{BEE428AC-FFDD-4AF6-8A01-B72D8EED875B}.Release|Any CPU.ActiveCfg = Release|x64
		{BEE428AC-FFDD-4AF6-8A01-B72D8EED875B}.Release|x64.ActiveCfg = Release|x64
		{BEE428AC-FFDD-4AF6-8A01-B72D8EED875B}.Release|x64.Build.0 = Release|x64
		{2821309E-A824-463B-8481-A4E45FCA3BD2}.Debug|Any CPU.ActiveCfg = Debug|Any CPU
		{2821309E-A824-463B-8481-A4E45FCA3BD2}.Debug|Any CPU.Build.0 = Debug|Any CPU
		{2821309E-A824-463B-8481-A4E45FCA3BD2}.Debug|x64.ActiveCfg = Debug|Any CPU
		{2821309E-A824-463B-8481-A4E45FCA3BD2}.Debug|x64.Build.0 = Debug|Any CPU
		{2821309E-A824-463B-8481-A4E45FCA3BD2}.Release|Any CPU.ActiveCfg = Release|Any CPU
		{2821309E-A824-463B-8481-A4E45FCA3BD2}.Release|Any CPU.Build.0 = Release|Any CPU
		{2821309E-A824-463B-8481-A4E45FCA3BD2}.Release|x64.ActiveCfg = Release|Any CPU
		{2821309E-A824-463B-8481-A4E45FCA3BD2}.Release|x64.Build.0 = Release|Any CPU
		{417BF749-BF56-4B44-A04C-C22E476E20E5}.Debug|Any CPU.ActiveCfg = Debug|x64
		{417BF749-BF56-4B44-A04C-C22E476E20E5}.Debug|x64.ActiveCfg = Debug|x64
		{417BF749-BF56-4B44-A04C-C22E476E20E5}.Debug|x64.Build.0 = Debug|x64
		{417BF749-BF56-4B44-A04C-C22E476E20E5}.Release|Any CPU.ActiveCfg = Release|x64
		{417BF749-BF56-4B44-A04C-C22E476E20E5}.Release|x64.ActiveCfg = Release|x64
		{417BF749-BF56-4B44-A04C-C22E476E20E5}.Release|x64.Build.0 = Release|x64
		{AD579B7F-5098-4AD5-A1A9-0B1D08D4EFFB}.Debug|Any CPU.ActiveCfg = Debug|Any CPU
		{AD579B7F-5098-4AD5-A1A9-0B1D08D4EFFB}.Debug|Any CPU.Build.0 = Debug|Any CPU
		{AD579B7F-5098-4AD5-A1A9-0B1D08D4EFFB}.Debug|x64.ActiveCfg = Debug|Any CPU
		{AD579B7F-5098-4AD5-A1A9-0B1D08D4EFFB}.Debug|x64.Build.0 = Debug|Any CPU
		{AD579B7F-5098-4AD5-A1A9-0B1D08D4EFFB}.Release|Any CPU.ActiveCfg = Release|Any CPU
		{AD579B7F-5098-4AD5-A1A9-0B1D08D4EFFB}.Release|Any CPU.Build.0 = Release|Any CPU
		{AD579B7F-5098-4AD5-A1A9-0B1D08D4EFFB}.Release|x64.ActiveCfg = Release|Any CPU
		{AD579B7F-5098-4AD5-A1A9-0B1D08D4EFFB}.Release|x64.Build.0 = Release|Any CPU
	EndGlobalSection
	GlobalSection(SolutionProperties) = preSolution
		HideSolutionNode = FALSE
	EndGlobalSection
	GlobalSection(NestedProjects) = preSolution
		{2821309E-A824-463B-8481-A4E45FCA3BD2} = {9E6E7CFD-C545-4A74-964B-30CD284A0BBB}
		{417BF749-BF56-4B44-A04C-C22E476E20E5} = {9E6E7CFD-C545-4A74-964B-30CD284A0BBB}
	EndGlobalSection
	GlobalSection(ExtensibilityGlobals) = postSolution
		SolutionGuid = {77372ED2-9DFF-43C3-BD61-A0FF7D71736A}
	EndGlobalSection
EndGlobal
